// !$*UTF8*$!
{
	archiveVersion = 1;
	classes = {
	};
	objectVersion = 55;
	objects = {

/* Begin PBXBuildFile section */
		C4237B87270F397C00045C52 /* AppDelegate.swift in Sources */ = {isa = PBXBuildFile; fileRef = C4237B86270F397C00045C52 /* AppDelegate.swift */; };
		C4237B89270F397C00045C52 /* SceneDelegate.swift in Sources */ = {isa = PBXBuildFile; fileRef = C4237B88270F397C00045C52 /* SceneDelegate.swift */; };
		C4237B90270F397E00045C52 /* Assets.xcassets in Resources */ = {isa = PBXBuildFile; fileRef = C4237B8F270F397E00045C52 /* Assets.xcassets */; };
		C4237B93270F397E00045C52 /* LaunchScreen.storyboard in Resources */ = {isa = PBXBuildFile; fileRef = C4237B91270F397E00045C52 /* LaunchScreen.storyboard */; };
		C4537B2C2715B40A00A26252 /* SequenceCardView.swift in Sources */ = {isa = PBXBuildFile; fileRef = C4537B2B2715B40A00A26252 /* SequenceCardView.swift */; };
		C46CE94C27106B15006A33FC /* AuthViewController.swift in Sources */ = {isa = PBXBuildFile; fileRef = C46CE94B27106B15006A33FC /* AuthViewController.swift */; };
		C46CE956271074A5006A33FC /* Kreon-Bold.ttf in Resources */ = {isa = PBXBuildFile; fileRef = C46CE951271074A5006A33FC /* Kreon-Bold.ttf */; };
		C46CE95B27107A06006A33FC /* KulimPark-SemiBoldItalic.ttf in Resources */ = {isa = PBXBuildFile; fileRef = C46CE95A27107A06006A33FC /* KulimPark-SemiBoldItalic.ttf */; };
		C46CE95D27108C3B006A33FC /* HomeViewController.swift in Sources */ = {isa = PBXBuildFile; fileRef = C46CE95C27108C3B006A33FC /* HomeViewController.swift */; };
		C4FA2B762714617400BD0D5E /* TabBarViewController.swift in Sources */ = {isa = PBXBuildFile; fileRef = C4FA2B752714617400BD0D5E /* TabBarViewController.swift */; };
		D49A1CB6AAC7257A94E56D4A /* Pods_Dance_Journal.framework in Frameworks */ = {isa = PBXBuildFile; fileRef = 379F78FFFD90AC9084750133 /* Pods_Dance_Journal.framework */; };
/* End PBXBuildFile section */

/* Begin PBXFileReference section */
		379F78FFFD90AC9084750133 /* Pods_Dance_Journal.framework */ = {isa = PBXFileReference; explicitFileType = wrapper.framework; includeInIndex = 0; path = Pods_Dance_Journal.framework; sourceTree = BUILT_PRODUCTS_DIR; };
		AD866D101A2C241019385005 /* Pods-Dance Journal.release.xcconfig */ = {isa = PBXFileReference; includeInIndex = 1; lastKnownFileType = text.xcconfig; name = "Pods-Dance Journal.release.xcconfig"; path = "Target Support Files/Pods-Dance Journal/Pods-Dance Journal.release.xcconfig"; sourceTree = "<group>"; };
		C4237B83270F397C00045C52 /* Dance Journal.app */ = {isa = PBXFileReference; explicitFileType = wrapper.application; includeInIndex = 0; path = "Dance Journal.app"; sourceTree = BUILT_PRODUCTS_DIR; };
		C4237B86270F397C00045C52 /* AppDelegate.swift */ = {isa = PBXFileReference; lastKnownFileType = sourcecode.swift; path = AppDelegate.swift; sourceTree = "<group>"; };
		C4237B88270F397C00045C52 /* SceneDelegate.swift */ = {isa = PBXFileReference; lastKnownFileType = sourcecode.swift; path = SceneDelegate.swift; sourceTree = "<group>"; };
		C4237B8F270F397E00045C52 /* Assets.xcassets */ = {isa = PBXFileReference; lastKnownFileType = folder.assetcatalog; path = Assets.xcassets; sourceTree = "<group>"; };
		C4237B92270F397E00045C52 /* Base */ = {isa = PBXFileReference; lastKnownFileType = file.storyboard; name = Base; path = Base.lproj/LaunchScreen.storyboard; sourceTree = "<group>"; };
		C4237B94270F397E00045C52 /* Info.plist */ = {isa = PBXFileReference; lastKnownFileType = text.plist.xml; path = Info.plist; sourceTree = "<group>"; };
		C4537B2B2715B40A00A26252 /* SequenceCardView.swift */ = {isa = PBXFileReference; lastKnownFileType = sourcecode.swift; path = SequenceCardView.swift; sourceTree = "<group>"; };
		C46CE94B27106B15006A33FC /* AuthViewController.swift */ = {isa = PBXFileReference; lastKnownFileType = sourcecode.swift; path = AuthViewController.swift; sourceTree = "<group>"; };
		C46CE951271074A5006A33FC /* Kreon-Bold.ttf */ = {isa = PBXFileReference; lastKnownFileType = file; path = "Kreon-Bold.ttf"; sourceTree = "<group>"; };
		C46CE95A27107A06006A33FC /* KulimPark-SemiBoldItalic.ttf */ = {isa = PBXFileReference; lastKnownFileType = file; path = "KulimPark-SemiBoldItalic.ttf"; sourceTree = "<group>"; };
		C46CE95C27108C3B006A33FC /* HomeViewController.swift */ = {isa = PBXFileReference; lastKnownFileType = sourcecode.swift; path = HomeViewController.swift; sourceTree = "<group>"; };
		C4FA2B752714617400BD0D5E /* TabBarViewController.swift */ = {isa = PBXFileReference; lastKnownFileType = sourcecode.swift; path = TabBarViewController.swift; sourceTree = "<group>"; };
		DD471B4944BADB20CB3981DB /* Pods-Dance Journal.debug.xcconfig */ = {isa = PBXFileReference; includeInIndex = 1; lastKnownFileType = text.xcconfig; name = "Pods-Dance Journal.debug.xcconfig"; path = "Target Support Files/Pods-Dance Journal/Pods-Dance Journal.debug.xcconfig"; sourceTree = "<group>"; };
/* End PBXFileReference section */

/* Begin PBXFrameworksBuildPhase section */
		C4237B80270F397C00045C52 /* Frameworks */ = {
			isa = PBXFrameworksBuildPhase;
			buildActionMask = 2147483647;
			files = (
				D49A1CB6AAC7257A94E56D4A /* Pods_Dance_Journal.framework in Frameworks */,
			);
			runOnlyForDeploymentPostprocessing = 0;
		};
/* End PBXFrameworksBuildPhase section */

/* Begin PBXGroup section */
		034326CB304C78AF5AF4C916 /* Frameworks */ = {
			isa = PBXGroup;
			children = (
				379F78FFFD90AC9084750133 /* Pods_Dance_Journal.framework */,
			);
			name = Frameworks;
			sourceTree = "<group>";
		};
		BBD9CD44C3A455963193AED9 /* Pods */ = {
			isa = PBXGroup;
			children = (
				DD471B4944BADB20CB3981DB /* Pods-Dance Journal.debug.xcconfig */,
				AD866D101A2C241019385005 /* Pods-Dance Journal.release.xcconfig */,
			);
			path = Pods;
			sourceTree = "<group>";
		};
		C4237B7A270F397C00045C52 = {
			isa = PBXGroup;
			children = (
				C4237B85270F397C00045C52 /* Dance Journal */,
				C4237B84270F397C00045C52 /* Products */,
				BBD9CD44C3A455963193AED9 /* Pods */,
				034326CB304C78AF5AF4C916 /* Frameworks */,
			);
			sourceTree = "<group>";
		};
		C4237B84270F397C00045C52 /* Products */ = {
			isa = PBXGroup;
			children = (
				C4237B83270F397C00045C52 /* Dance Journal.app */,
			);
			name = Products;
			sourceTree = "<group>";
		};
		C4237B85270F397C00045C52 /* Dance Journal */ = {
			isa = PBXGroup;
			children = (
				C46CE94A27106AD8006A33FC /* Controllers */,
				C46CE94927106ABF006A33FC /* Views */,
				C46CE94827106AA3006A33FC /* Resources */,
				C4237B8F270F397E00045C52 /* Assets.xcassets */,
				C4237B94270F397E00045C52 /* Info.plist */,
			);
			path = "Dance Journal";
			sourceTree = "<group>";
		};
		C46CE94827106AA3006A33FC /* Resources */ = {
			isa = PBXGroup;
			children = (
				C46CE94D2710744A006A33FC /* Fonts */,
				C4237B86270F397C00045C52 /* AppDelegate.swift */,
				C4237B88270F397C00045C52 /* SceneDelegate.swift */,
			);
			path = Resources;
			sourceTree = "<group>";
		};
		C46CE94927106ABF006A33FC /* Views */ = {
			isa = PBXGroup;
			children = (
				C4537B2B2715B40A00A26252 /* SequenceCardView.swift */,
				C4237B91270F397E00045C52 /* LaunchScreen.storyboard */,
			);
			path = Views;
			sourceTree = "<group>";
		};
		C46CE94A27106AD8006A33FC /* Controllers */ = {
			isa = PBXGroup;
			children = (
				C46CE94B27106B15006A33FC /* AuthViewController.swift */,
				C46CE95C27108C3B006A33FC /* HomeViewController.swift */,
				C4FA2B752714617400BD0D5E /* TabBarViewController.swift */,
			);
			path = Controllers;
			sourceTree = "<group>";
		};
		C46CE94D2710744A006A33FC /* Fonts */ = {
			isa = PBXGroup;
			children = (
				C46CE959271076D6006A33FC /* Kulim Park */,
				C46CE94E27107497006A33FC /* Kreon */,
			);
			path = Fonts;
			sourceTree = "<group>";
		};
		C46CE94E27107497006A33FC /* Kreon */ = {
			isa = PBXGroup;
			children = (
				C46CE951271074A5006A33FC /* Kreon-Bold.ttf */,
			);
			path = Kreon;
			sourceTree = "<group>";
		};
		C46CE959271076D6006A33FC /* Kulim Park */ = {
			isa = PBXGroup;
			children = (
				C46CE95A27107A06006A33FC /* KulimPark-SemiBoldItalic.ttf */,
			);
			path = "Kulim Park";
			sourceTree = "<group>";
		};
/* End PBXGroup section */

/* Begin PBXNativeTarget section */
		C4237B82270F397C00045C52 /* Dance Journal */ = {
			isa = PBXNativeTarget;
			buildConfigurationList = C4237B97270F397E00045C52 /* Build configuration list for PBXNativeTarget "Dance Journal" */;
			buildPhases = (
				DE9A5DC0486F2810B98E756B /* [CP] Check Pods Manifest.lock */,
				C4237B7F270F397C00045C52 /* Sources */,
				C4237B80270F397C00045C52 /* Frameworks */,
				C4237B81270F397C00045C52 /* Resources */,
				D6AD0D7BA850FED771E8C084 /* [CP] Embed Pods Frameworks */,
			);
			buildRules = (
			);
			dependencies = (
			);
			name = "Dance Journal";
			productName = "Dance Journal";
			productReference = C4237B83270F397C00045C52 /* Dance Journal.app */;
			productType = "com.apple.product-type.application";
		};
/* End PBXNativeTarget section */

/* Begin PBXProject section */
		C4237B7B270F397C00045C52 /* Project object */ = {
			isa = PBXProject;
			attributes = {
				BuildIndependentTargetsInParallel = 1;
				LastSwiftUpdateCheck = 1300;
				LastUpgradeCheck = 1300;
				TargetAttributes = {
					C4237B82270F397C00045C52 = {
						CreatedOnToolsVersion = 13.0;
					};
				};
			};
			buildConfigurationList = C4237B7E270F397C00045C52 /* Build configuration list for PBXProject "Dance Journal" */;
			compatibilityVersion = "Xcode 13.0";
			developmentRegion = en;
			hasScannedForEncodings = 0;
			knownRegions = (
				en,
				Base,
			);
			mainGroup = C4237B7A270F397C00045C52;
			productRefGroup = C4237B84270F397C00045C52 /* Products */;
			projectDirPath = "";
			projectRoot = "";
			targets = (
				C4237B82270F397C00045C52 /* Dance Journal */,
			);
		};
/* End PBXProject section */

/* Begin PBXResourcesBuildPhase section */
		C4237B81270F397C00045C52 /* Resources */ = {
			isa = PBXResourcesBuildPhase;
			buildActionMask = 2147483647;
			files = (
				C4237B93270F397E00045C52 /* LaunchScreen.storyboard in Resources */,
				C46CE956271074A5006A33FC /* Kreon-Bold.ttf in Resources */,
				C46CE95B27107A06006A33FC /* KulimPark-SemiBoldItalic.ttf in Resources */,
				C4237B90270F397E00045C52 /* Assets.xcassets in Resources */,
			);
			runOnlyForDeploymentPostprocessing = 0;
		};
/* End PBXResourcesBuildPhase section */

/* Begin PBXShellScriptBuildPhase section */
		D6AD0D7BA850FED771E8C084 /* [CP] Embed Pods Frameworks */ = {
			isa = PBXShellScriptBuildPhase;
			buildActionMask = 2147483647;
			files = (
			);
			inputFileListPaths = (
				"${PODS_ROOT}/Target Support Files/Pods-Dance Journal/Pods-Dance Journal-frameworks-${CONFIGURATION}-input-files.xcfilelist",
			);
			name = "[CP] Embed Pods Frameworks";
			outputFileListPaths = (
				"${PODS_ROOT}/Target Support Files/Pods-Dance Journal/Pods-Dance Journal-frameworks-${CONFIGURATION}-output-files.xcfilelist",
			);
			runOnlyForDeploymentPostprocessing = 0;
			shellPath = /bin/sh;
			shellScript = "\"${PODS_ROOT}/Target Support Files/Pods-Dance Journal/Pods-Dance Journal-frameworks.sh\"\n";
			showEnvVarsInLog = 0;
		};
		DE9A5DC0486F2810B98E756B /* [CP] Check Pods Manifest.lock */ = {
			isa = PBXShellScriptBuildPhase;
			buildActionMask = 2147483647;
			files = (
			);
			inputFileListPaths = (
			);
			inputPaths = (
				"${PODS_PODFILE_DIR_PATH}/Podfile.lock",
				"${PODS_ROOT}/Manifest.lock",
			);
			name = "[CP] Check Pods Manifest.lock";
			outputFileListPaths = (
			);
			outputPaths = (
				"$(DERIVED_FILE_DIR)/Pods-Dance Journal-checkManifestLockResult.txt",
			);
			runOnlyForDeploymentPostprocessing = 0;
			shellPath = /bin/sh;
			shellScript = "diff \"${PODS_PODFILE_DIR_PATH}/Podfile.lock\" \"${PODS_ROOT}/Manifest.lock\" > /dev/null\nif [ $? != 0 ] ; then\n    # print error to STDERR\n    echo \"error: The sandbox is not in sync with the Podfile.lock. Run 'pod install' or update your CocoaPods installation.\" >&2\n    exit 1\nfi\n# This output is used by Xcode 'outputs' to avoid re-running this script phase.\necho \"SUCCESS\" > \"${SCRIPT_OUTPUT_FILE_0}\"\n";
			showEnvVarsInLog = 0;
		};
/* End PBXShellScriptBuildPhase section */

/* Begin PBXSourcesBuildPhase section */
		C4237B7F270F397C00045C52 /* Sources */ = {
			isa = PBXSourcesBuildPhase;
			buildActionMask = 2147483647;
			files = (
				C46CE94C27106B15006A33FC /* AuthViewController.swift in Sources */,
				C4237B87270F397C00045C52 /* AppDelegate.swift in Sources */,
				C4237B89270F397C00045C52 /* SceneDelegate.swift in Sources */,
				C4FA2B762714617400BD0D5E /* TabBarViewController.swift in Sources */,
				C4537B2C2715B40A00A26252 /* SequenceCardView.swift in Sources */,
				C46CE95D27108C3B006A33FC /* HomeViewController.swift in Sources */,
			);
			runOnlyForDeploymentPostprocessing = 0;
		};
/* End PBXSourcesBuildPhase section */

/* Begin PBXVariantGroup section */
		C4237B91270F397E00045C52 /* LaunchScreen.storyboard */ = {
			isa = PBXVariantGroup;
			children = (
				C4237B92270F397E00045C52 /* Base */,
			);
			name = LaunchScreen.storyboard;
			sourceTree = "<group>";
		};
/* End PBXVariantGroup section */

/* Begin XCBuildConfiguration section */
		C4237B95270F397E00045C52 /* Debug */ = {
			isa = XCBuildConfiguration;
			buildSettings = {
				ALWAYS_SEARCH_USER_PATHS = NO;
				CLANG_ANALYZER_NONNULL = YES;
				CLANG_ANALYZER_NUMBER_OBJECT_CONVERSION = YES_AGGRESSIVE;
				CLANG_CXX_LANGUAGE_STANDARD = "gnu++17";
				CLANG_CXX_LIBRARY = "libc++";
				CLANG_ENABLE_MODULES = YES;
				CLANG_ENABLE_OBJC_ARC = YES;
				CLANG_ENABLE_OBJC_WEAK = YES;
				CLANG_WARN_BLOCK_CAPTURE_AUTORELEASING = YES;
				CLANG_WARN_BOOL_CONVERSION = YES;
				CLANG_WARN_COMMA = YES;
				CLANG_WARN_CONSTANT_CONVERSION = YES;
				CLANG_WARN_DEPRECATED_OBJC_IMPLEMENTATIONS = YES;
				CLANG_WARN_DIRECT_OBJC_ISA_USAGE = YES_ERROR;
				CLANG_WARN_DOCUMENTATION_COMMENTS = YES;
				CLANG_WARN_EMPTY_BODY = YES;
				CLANG_WARN_ENUM_CONVERSION = YES;
				CLANG_WARN_INFINITE_RECURSION = YES;
				CLANG_WARN_INT_CONVERSION = YES;
				CLANG_WARN_NON_LITERAL_NULL_CONVERSION = YES;
				CLANG_WARN_OBJC_IMPLICIT_RETAIN_SELF = YES;
				CLANG_WARN_OBJC_LITERAL_CONVERSION = YES;
				CLANG_WARN_OBJC_ROOT_CLASS = YES_ERROR;
				CLANG_WARN_QUOTED_INCLUDE_IN_FRAMEWORK_HEADER = YES;
				CLANG_WARN_RANGE_LOOP_ANALYSIS = YES;
				CLANG_WARN_STRICT_PROTOTYPES = YES;
				CLANG_WARN_SUSPICIOUS_MOVE = YES;
				CLANG_WARN_UNGUARDED_AVAILABILITY = YES_AGGRESSIVE;
				CLANG_WARN_UNREACHABLE_CODE = YES;
				CLANG_WARN__DUPLICATE_METHOD_MATCH = YES;
				COPY_PHASE_STRIP = NO;
				DEBUG_INFORMATION_FORMAT = dwarf;
				ENABLE_STRICT_OBJC_MSGSEND = YES;
				ENABLE_TESTABILITY = YES;
				GCC_C_LANGUAGE_STANDARD = gnu11;
				GCC_DYNAMIC_NO_PIC = NO;
				GCC_NO_COMMON_BLOCKS = YES;
				GCC_OPTIMIZATION_LEVEL = 0;
				GCC_PREPROCESSOR_DEFINITIONS = (
					"DEBUG=1",
					"$(inherited)",
				);
				GCC_WARN_64_TO_32_BIT_CONVERSION = YES;
				GCC_WARN_ABOUT_RETURN_TYPE = YES_ERROR;
				GCC_WARN_UNDECLARED_SELECTOR = YES;
				GCC_WARN_UNINITIALIZED_AUTOS = YES_AGGRESSIVE;
				GCC_WARN_UNUSED_FUNCTION = YES;
				GCC_WARN_UNUSED_VARIABLE = YES;
				IPHONEOS_DEPLOYMENT_TARGET = 15.0;
				MTL_ENABLE_DEBUG_INFO = INCLUDE_SOURCE;
				MTL_FAST_MATH = YES;
				ONLY_ACTIVE_ARCH = YES;
				SDKROOT = iphoneos;
				SWIFT_ACTIVE_COMPILATION_CONDITIONS = DEBUG;
				SWIFT_OPTIMIZATION_LEVEL = "-Onone";
			};
			name = Debug;
		};
		C4237B96270F397E00045C52 /* Release */ = {
			isa = XCBuildConfiguration;
			buildSettings = {
				ALWAYS_SEARCH_USER_PATHS = NO;
				CLANG_ANALYZER_NONNULL = YES;
				CLANG_ANALYZER_NUMBER_OBJECT_CONVERSION = YES_AGGRESSIVE;
				CLANG_CXX_LANGUAGE_STANDARD = "gnu++17";
				CLANG_CXX_LIBRARY = "libc++";
				CLANG_ENABLE_MODULES = YES;
				CLANG_ENABLE_OBJC_ARC = YES;
				CLANG_ENABLE_OBJC_WEAK = YES;
				CLANG_WARN_BLOCK_CAPTURE_AUTORELEASING = YES;
				CLANG_WARN_BOOL_CONVERSION = YES;
				CLANG_WARN_COMMA = YES;
				CLANG_WARN_CONSTANT_CONVERSION = YES;
				CLANG_WARN_DEPRECATED_OBJC_IMPLEMENTATIONS = YES;
				CLANG_WARN_DIRECT_OBJC_ISA_USAGE = YES_ERROR;
				CLANG_WARN_DOCUMENTATION_COMMENTS = YES;
				CLANG_WARN_EMPTY_BODY = YES;
				CLANG_WARN_ENUM_CONVERSION = YES;
				CLANG_WARN_INFINITE_RECURSION = YES;
				CLANG_WARN_INT_CONVERSION = YES;
				CLANG_WARN_NON_LITERAL_NULL_CONVERSION = YES;
				CLANG_WARN_OBJC_IMPLICIT_RETAIN_SELF = YES;
				CLANG_WARN_OBJC_LITERAL_CONVERSION = YES;
				CLANG_WARN_OBJC_ROOT_CLASS = YES_ERROR;
				CLANG_WARN_QUOTED_INCLUDE_IN_FRAMEWORK_HEADER = YES;
				CLANG_WARN_RANGE_LOOP_ANALYSIS = YES;
				CLANG_WARN_STRICT_PROTOTYPES = YES;
				CLANG_WARN_SUSPICIOUS_MOVE = YES;
				CLANG_WARN_UNGUARDED_AVAILABILITY = YES_AGGRESSIVE;
				CLANG_WARN_UNREACHABLE_CODE = YES;
				CLANG_WARN__DUPLICATE_METHOD_MATCH = YES;
				COPY_PHASE_STRIP = NO;
				DEBUG_INFORMATION_FORMAT = "dwarf-with-dsym";
				ENABLE_NS_ASSERTIONS = NO;
				ENABLE_STRICT_OBJC_MSGSEND = YES;
				GCC_C_LANGUAGE_STANDARD = gnu11;
				GCC_NO_COMMON_BLOCKS = YES;
				GCC_WARN_64_TO_32_BIT_CONVERSION = YES;
				GCC_WARN_ABOUT_RETURN_TYPE = YES_ERROR;
				GCC_WARN_UNDECLARED_SELECTOR = YES;
				GCC_WARN_UNINITIALIZED_AUTOS = YES_AGGRESSIVE;
				GCC_WARN_UNUSED_FUNCTION = YES;
				GCC_WARN_UNUSED_VARIABLE = YES;
				IPHONEOS_DEPLOYMENT_TARGET = 15.0;
				MTL_ENABLE_DEBUG_INFO = NO;
				MTL_FAST_MATH = YES;
				SDKROOT = iphoneos;
				SWIFT_COMPILATION_MODE = wholemodule;
				SWIFT_OPTIMIZATION_LEVEL = "-O";
				VALIDATE_PRODUCT = YES;
			};
			name = Release;
		};
		C4237B98270F397E00045C52 /* Debug */ = {
			isa = XCBuildConfiguration;
			baseConfigurationReference = DD471B4944BADB20CB3981DB /* Pods-Dance Journal.debug.xcconfig */;
			buildSettings = {
				ASSETCATALOG_COMPILER_APPICON_NAME = AppIcon;
				ASSETCATALOG_COMPILER_GLOBAL_ACCENT_COLOR_NAME = AccentColor;
				CODE_SIGN_STYLE = Automatic;
				CURRENT_PROJECT_VERSION = 1;
				DEVELOPMENT_TEAM = HQJF9G685U;
				GENERATE_INFOPLIST_FILE = YES;
				INFOPLIST_FILE = "Dance Journal/Info.plist";
				INFOPLIST_KEY_UIApplicationSupportsIndirectInputEvents = YES;
				INFOPLIST_KEY_UILaunchStoryboardName = LaunchScreen;
				INFOPLIST_KEY_UIMainStoryboardFile = LaunchScreen;
				INFOPLIST_KEY_UISupportedInterfaceOrientations_iPad = "UIInterfaceOrientationPortrait UIInterfaceOrientationPortraitUpsideDown UIInterfaceOrientationLandscapeLeft UIInterfaceOrientationLandscapeRight";
				INFOPLIST_KEY_UISupportedInterfaceOrientations_iPhone = "UIInterfaceOrientationPortrait UIInterfaceOrientationLandscapeLeft UIInterfaceOrientationLandscapeRight";
				LD_RUNPATH_SEARCH_PATHS = (
					"$(inherited)",
					"@executable_path/Frameworks",
				);
				MARKETING_VERSION = 1.0;
				PRODUCT_BUNDLE_IDENTIFIER = "br.dev.picolo.Dance-Journal";
				PRODUCT_NAME = "$(TARGET_NAME)";
				SWIFT_EMIT_LOC_STRINGS = YES;
				SWIFT_VERSION = 5.0;
				TARGETED_DEVICE_FAMILY = "1,2";
			};
			name = Debug;
		};
		C4237B99270F397E00045C52 /* Release */ = {
			isa = XCBuildConfiguration;
			baseConfigurationReference = AD866D101A2C241019385005 /* Pods-Dance Journal.release.xcconfig */;
			buildSettings = {
				ASSETCATALOG_COMPILER_APPICON_NAME = AppIcon;
				ASSETCATALOG_COMPILER_GLOBAL_ACCENT_COLOR_NAME = AccentColor;
				CODE_SIGN_STYLE = Automatic;
				CURRENT_PROJECT_VERSION = 1;
				DEVELOPMENT_TEAM = HQJF9G685U;
				GENERATE_INFOPLIST_FILE = YES;
				INFOPLIST_FILE = "Dance Journal/Info.plist";
				INFOPLIST_KEY_UIApplicationSupportsIndirectInputEvents = YES;
				INFOPLIST_KEY_UILaunchStoryboardName = LaunchScreen;
				INFOPLIST_KEY_UIMainStoryboardFile = LaunchScreen;
				INFOPLIST_KEY_UISupportedInterfaceOrientations_iPad = "UIInterfaceOrientationPortrait UIInterfaceOrientationPortraitUpsideDown UIInterfaceOrientationLandscapeLeft UIInterfaceOrientationLandscapeRight";
				INFOPLIST_KEY_UISupportedInterfaceOrientations_iPhone = "UIInterfaceOrientationPortrait UIInterfaceOrientationLandscapeLeft UIInterfaceOrientationLandscapeRight";
				LD_RUNPATH_SEARCH_PATHS = (
					"$(inherited)",
					"@executable_path/Frameworks",
				);
				MARKETING_VERSION = 1.0;
				PRODUCT_BUNDLE_IDENTIFIER = "br.dev.picolo.Dance-Journal";
				PRODUCT_NAME = "$(TARGET_NAME)";
				SWIFT_EMIT_LOC_STRINGS = YES;
				SWIFT_VERSION = 5.0;
				TARGETED_DEVICE_FAMILY = "1,2";
			};
			name = Release;
		};
/* End XCBuildConfiguration section */

/* Begin XCConfigurationList section */
		C4237B7E270F397C00045C52 /* Build configuration list for PBXProject "Dance Journal" */ = {
			isa = XCConfigurationList;
			buildConfigurations = (
				C4237B95270F397E00045C52 /* Debug */,
				C4237B96270F397E00045C52 /* Release */,
			);
			defaultConfigurationIsVisible = 0;
			defaultConfigurationName = Release;
		};
		C4237B97270F397E00045C52 /* Build configuration list for PBXNativeTarget "Dance Journal" */ = {
			isa = XCConfigurationList;
			buildConfigurations = (
				C4237B98270F397E00045C52 /* Debug */,
				C4237B99270F397E00045C52 /* Release */,
			);
			defaultConfigurationIsVisible = 0;
			defaultConfigurationName = Release;
		};
/* End XCConfigurationList section */
	};
	rootObject = C4237B7B270F397C00045C52 /* Project object */;
}
